<Solution>
  <Project Path="com.Epic.OnlineServices.csproj" />
  <Project Path="Assembly-CSharp.csproj" />
  <Project Path="com.playeveryware.eos.core.csproj" />
  <Project Path="FMODUnityEditor.csproj" />
  <Project Path="FMODUnity.csproj" />
  <Project Path="Assembly-CSharp-firstpass.csproj" />
  <Project Path="Assembly-CSharp-Editor.csproj" />
  <Project Path="FMODUnityResonance.csproj" />
  <Project Path="FMODUnityResonanceEditor.csproj" />
  <Project Path="ExoBeasts.EditorTests.csproj" />
</Solution>
